{
  "name": "katulong-tala",
  "version": "0.1.0",
  "lockfileVersion": 3,
  "requires": true,
  "packages": {
    "": {
      "name": "katulong-tala",
      "version": "0.1.0",
      "license": "MIT",
      "dependencies": {
        "tala": "file:../../../tala"
      }
    },
    "../../../tala": {
      "version": "0.1.0",
      "license": "MIT",
      "dependencies": {
        "dotenv": "^17.2.4",
        "isomorphic-git": "^1.27.2",
        "ws": "^8.19.0"
      },
      "bin": {
        "tala": "bin/tala"
      }
    },
    "node_modules/tala": {
      "resolved": "../../../tala",
      "link": true
    }
  }
}
